
Microsoft Visual Studio Solution File, Format Version 12.00
# Visual Studio Version 17
VisualStudioVersion = 17.13.35828.75 d17.13
MinimumVisualStudioVersion = 10.0.40219.1
Project("{FAE04EC0-301F-11D3-BF4B-00C04F79EFBC}") = "Games", "Games\Games.csproj", "{0D1CB38F-CF5C-4537-8E3C-3B0206E32DB2}"
EndProject
Global
	GlobalSection(SolutionConfigurationPlatforms) = preSolution
		Debug|Any CPU = Debug|Any CPU
		Release|Any CPU = Release|Any CPU
	EndGlobalSection
	GlobalSection(ProjectConfigurationPlatforms) = postSolution
		{0D1CB38F-CF5C-4537-8E3C-3B0206E32DB2}.Debug|Any CPU.ActiveCfg = Debug|Any CPU
		{0D1CB38F-CF5C-4537-8E3C-3B0206E32DB2}.Debug|Any CPU.Build.0 = Debug|Any CPU
		{0D1CB38F-CF5C-4537-8E3C-3B0206E32DB2}.Release|Any CPU.ActiveCfg = Release|Any CPU
		{0D1CB38F-CF5C-4537-8E3C-3B0206E32DB2}.Release|Any CPU.Build.0 = Release|Any CPU
	EndGlobalSection
	GlobalSection(SolutionProperties) = preSolution
		HideSolutionNode = FALSE
	EndGlobalSection
	GlobalSection(ExtensibilityGlobals) = postSolution
		SolutionGuid = {AB35B044-F3F4-4B29-B4A3-A2307A0B17DA}
	EndGlobalSection
EndGlobal
